
Microsoft Visual Studio Solution File, Format Version 12.00
# Visual Studio Version 17
VisualStudioVersion = 17.10.35027.167
MinimumVisualStudioVersion = 10.0.40219.1
Project("{2150E333-8FDC-42A3-9474-1A3956D46DE8}") = "Infrastructure", "Infrastructure", "{B7A2D68C-6F26-4788-B524-4DACC25A536A}"
EndProject
Project("{FAE04EC0-301F-11D3-BF4B-00C04F79EFBC}") = "BotEvaluation.Infrastructure", "Infrastructure\BotEvaluation.Infrastructure\BotEvaluation.Infrastructure.csproj", "{3B2449CA-6F83-4294-9735-42BC7CAF15A1}"
EndProject
Project("{FAE04EC0-301F-11D3-BF4B-00C04F79EFBC}") = "BotEvaluation.GenAI", "Infrastructure\BotEvaluation.GenAI\BotEvaluation.GenAI.csproj", "{53E57E3F-248A-4CE8-8C16-85A7D7B9F816}"
EndProject
Global
	GlobalSection(SolutionConfigurationPlatforms) = preSolution
		Debug|Any CPU = Debug|Any CPU
		Release|Any CPU = Release|Any CPU
	EndGlobalSection
	GlobalSection(ProjectConfigurationPlatforms) = postSolution
		{3B2449CA-6F83-4294-9735-42BC7CAF15A1}.Debug|Any CPU.ActiveCfg = Debug|Any CPU
		{3B2449CA-6F83-4294-9735-42BC7CAF15A1}.Debug|Any CPU.Build.0 = Debug|Any CPU
		{3B2449CA-6F83-4294-9735-42BC7CAF15A1}.Release|Any CPU.ActiveCfg = Release|Any CPU
		{3B2449CA-6F83-4294-9735-42BC7CAF15A1}.Release|Any CPU.Build.0 = Release|Any CPU
		{53E57E3F-248A-4CE8-8C16-85A7D7B9F816}.Debug|Any CPU.ActiveCfg = Debug|Any CPU
		{53E57E3F-248A-4CE8-8C16-85A7D7B9F816}.Debug|Any CPU.Build.0 = Debug|Any CPU
		{53E57E3F-248A-4CE8-8C16-85A7D7B9F816}.Release|Any CPU.ActiveCfg = Release|Any CPU
		{53E57E3F-248A-4CE8-8C16-85A7D7B9F816}.Release|Any CPU.Build.0 = Release|Any CPU
	EndGlobalSection
	GlobalSection(SolutionProperties) = preSolution
		HideSolutionNode = FALSE
	EndGlobalSection
	GlobalSection(NestedProjects) = preSolution
		{3B2449CA-6F83-4294-9735-42BC7CAF15A1} = {B7A2D68C-6F26-4788-B524-4DACC25A536A}
		{53E57E3F-248A-4CE8-8C16-85A7D7B9F816} = {B7A2D68C-6F26-4788-B524-4DACC25A536A}
	EndGlobalSection
	GlobalSection(ExtensibilityGlobals) = postSolution
		SolutionGuid = {B3845E35-00A3-4928-9122-1AA71825CBC7}
	EndGlobalSection
EndGlobal
